# yingzao 核心完整性基线 · version: 1.4.0 · 由 gen-baseline.sh 生成（开发态发版）
cfd72e301b00363fc0e43e60288df42bf9810701e6930ad87ab2f8698507ad64  SKILL.md
32f6a92e80297f07dd4570bc3b6f3d843d5e00dd34549288226f9af612e52b52  references/anti-patterns.md
2abe2390faeadb9c671c64ef84ae4fd6bddfa2e239f358b275614b9237af2bdd  references/case-log.md
eba4062823ef58eb65ee5d55433a14d13be3db34a32001e1b8b46f52b696e8f2  references/readme-standards.md
923e982cbae6a0e7d76ffe78efc0f4459f1e8a359d623c1540f08c76bed7d440  references/roles.md
0262129d8b8454652b69d06f5e2711986a58bd5bf13967369372ad3cf220a2e3  references/scoring.md
e4d7a070caac99672515256f0548e819bc3da87c85679a55ea53b7c1251be1b6  templates/full-report.md
e80f2020df3a6ec5ca94641c92cb189f2479a63233aabe12ea9cf1f7ad689f48  templates/quick-report.md
c62585bae0813c5ca56e8f907bb61381b361a3e91a79ec91859e5cb0d8ef1709  tools/gen-baseline.sh
9dc2c4a3e93b744cdbcbb90cdcee38cf3c5b11bf13d8d49f864d7df1f92ad576  tools/inspect-skill.sh
3e7073f704c259128d7f90efaa59fcb8d50f63e8ec86dcea16d95bc97e1c99b2  tools/self-integrity.sh
