# yingzao 核心完整性基线 · version: 1.5.0 · 由 gen-baseline.sh 生成（开发态发版）
584aa38f8b28af8c220bd62bf65a287caf8e8b44dccfd5a871480e8064e285fa  SKILL.md
32f6a92e80297f07dd4570bc3b6f3d843d5e00dd34549288226f9af612e52b52  references/anti-patterns.md
6b2a863a381e56ce8f97bee74d127174ed83d8d61336ac3a2ec74a4401770831  references/case-log.md
eba4062823ef58eb65ee5d55433a14d13be3db34a32001e1b8b46f52b696e8f2  references/readme-standards.md
923e982cbae6a0e7d76ffe78efc0f4459f1e8a359d623c1540f08c76bed7d440  references/roles.md
0262129d8b8454652b69d06f5e2711986a58bd5bf13967369372ad3cf220a2e3  references/scoring.md
e4d7a070caac99672515256f0548e819bc3da87c85679a55ea53b7c1251be1b6  templates/full-report.md
e80f2020df3a6ec5ca94641c92cb189f2479a63233aabe12ea9cf1f7ad689f48  templates/quick-report.md
70e2f094cee72ac965e139de72f41a9ff75c751112af45068f29a7467f5b87d0  tools/gen-baseline.sh
4abfa15e5fcef5e460a50b72944a5526fde18eb43d3efd0f34fc7395ebb6acc8  tools/inspect-skill.sh
edd1cddeb35a40514463cac449e84321d82b2320b1dc62388bf97990464182fc  tools/self-integrity.sh
